
Microsoft Visual Studio Solution File, Format Version 12.00
# Visual Studio Version 17
VisualStudioVersion = 17.14.36202.13 d17.14
MinimumVisualStudioVersion = 10.0.40219.1
Project("{FAE04EC0-301F-11D3-BF4B-00C04F79EFBC}") = "ContactFunction", "ContactFunction.csproj", "{284ADC8C-17A0-DCC4-6A11-158CC6CC9C65}"
EndProject
Global
	GlobalSection(SolutionConfigurationPlatforms) = preSolution
		Debug|Any CPU = Debug|Any CPU
		Release|Any CPU = Release|Any CPU
	EndGlobalSection
	GlobalSection(ProjectConfigurationPlatforms) = postSolution
		{284ADC8C-17A0-DCC4-6A11-158CC6CC9C65}.Debug|Any CPU.ActiveCfg = Debug|Any CPU
		{284ADC8C-17A0-DCC4-6A11-158CC6CC9C65}.Debug|Any CPU.Build.0 = Debug|Any CPU
		{284ADC8C-17A0-DCC4-6A11-158CC6CC9C65}.Release|Any CPU.ActiveCfg = Release|Any CPU
		{284ADC8C-17A0-DCC4-6A11-158CC6CC9C65}.Release|Any CPU.Build.0 = Release|Any CPU
	EndGlobalSection
	GlobalSection(SolutionProperties) = preSolution
		HideSolutionNode = FALSE
	EndGlobalSection
	GlobalSection(ExtensibilityGlobals) = postSolution
		SolutionGuid = {78A2FD09-B383-44BD-920A-3221E3562340}
	EndGlobalSection
EndGlobal
